
Microsoft Visual Studio Solution File, Format Version 12.00
# Visual Studio Version 16
VisualStudioVersion = 16.0.31729.503
MinimumVisualStudioVersion = 10.0.40219.1
Project("{FAE04EC0-301F-11D3-BF4B-00C04F79EFBC}") = "MVCTovarsNavigation", "MVCTovarsNavigation\MVCTovarsNavigation.csproj", "{A25EE497-CBE9-44EF-B791-AEA24BC76BA8}"
EndProject
Global
	GlobalSection(SolutionConfigurationPlatforms) = preSolution
		Debug|Any CPU = Debug|Any CPU
		Release|Any CPU = Release|Any CPU
	EndGlobalSection
	GlobalSection(ProjectConfigurationPlatforms) = postSolution
		{A25EE497-CBE9-44EF-B791-AEA24BC76BA8}.Debug|Any CPU.ActiveCfg = Debug|Any CPU
		{A25EE497-CBE9-44EF-B791-AEA24BC76BA8}.Debug|Any CPU.Build.0 = Debug|Any CPU
		{A25EE497-CBE9-44EF-B791-AEA24BC76BA8}.Release|Any CPU.ActiveCfg = Release|Any CPU
		{A25EE497-CBE9-44EF-B791-AEA24BC76BA8}.Release|Any CPU.Build.0 = Release|Any CPU
	EndGlobalSection
	GlobalSection(SolutionProperties) = preSolution
		HideSolutionNode = FALSE
	EndGlobalSection
	GlobalSection(ExtensibilityGlobals) = postSolution
		SolutionGuid = {E807EDE3-20CF-410C-B582-94443F7D56B8}
	EndGlobalSection
EndGlobal
